
Microsoft Visual Studio Solution File, Format Version 12.00
# Visual Studio Version 17
VisualStudioVersion = 17.8.34316.72
MinimumVisualStudioVersion = 10.0.40219.1
Project("{FAE04EC0-301F-11D3-BF4B-00C04F79EFBC}") = "template", "template\template.csproj", "{44787035-4F2E-4E0C-AA0D-1EBAD5ADEF9B}"
EndProject
Global
	GlobalSection(SolutionConfigurationPlatforms) = preSolution
		Debug|Any CPU = Debug|Any CPU
		Release|Any CPU = Release|Any CPU
	EndGlobalSection
	GlobalSection(ProjectConfigurationPlatforms) = postSolution
		{44787035-4F2E-4E0C-AA0D-1EBAD5ADEF9B}.Debug|Any CPU.ActiveCfg = Debug|Any CPU
		{44787035-4F2E-4E0C-AA0D-1EBAD5ADEF9B}.Debug|Any CPU.Build.0 = Debug|Any CPU
		{44787035-4F2E-4E0C-AA0D-1EBAD5ADEF9B}.Release|Any CPU.ActiveCfg = Release|Any CPU
		{44787035-4F2E-4E0C-AA0D-1EBAD5ADEF9B}.Release|Any CPU.Build.0 = Release|Any CPU
	EndGlobalSection
	GlobalSection(SolutionProperties) = preSolution
		HideSolutionNode = FALSE
	EndGlobalSection
	GlobalSection(ExtensibilityGlobals) = postSolution
		SolutionGuid = {6E79E9AB-7461-4052-A761-1811EA26AB29}
	EndGlobalSection
EndGlobal
