
Microsoft Visual Studio Solution File, Format Version 12.00
# Visual Studio Version 17
VisualStudioVersion = 17.8.34316.72
MinimumVisualStudioVersion = 10.0.40219.1
Project("{FAE04EC0-301F-11D3-BF4B-00C04F79EFBC}") = "Nezeride task", "Nezeride task\Nezeride task.csproj", "{747BF32F-E53A-4320-88BE-8B93DA994060}"
EndProject
Global
	GlobalSection(SolutionConfigurationPlatforms) = preSolution
		Debug|Any CPU = Debug|Any CPU
		Release|Any CPU = Release|Any CPU
	EndGlobalSection
	GlobalSection(ProjectConfigurationPlatforms) = postSolution
		{747BF32F-E53A-4320-88BE-8B93DA994060}.Debug|Any CPU.ActiveCfg = Debug|Any CPU
		{747BF32F-E53A-4320-88BE-8B93DA994060}.Debug|Any CPU.Build.0 = Debug|Any CPU
		{747BF32F-E53A-4320-88BE-8B93DA994060}.Release|Any CPU.ActiveCfg = Release|Any CPU
		{747BF32F-E53A-4320-88BE-8B93DA994060}.Release|Any CPU.Build.0 = Release|Any CPU
	EndGlobalSection
	GlobalSection(SolutionProperties) = preSolution
		HideSolutionNode = FALSE
	EndGlobalSection
	GlobalSection(ExtensibilityGlobals) = postSolution
		SolutionGuid = {3596FC85-C57D-4630-BCC7-1B021C0522B3}
	EndGlobalSection
EndGlobal
