
Microsoft Visual Studio Solution File, Format Version 12.00
# Visual Studio Version 17
VisualStudioVersion = 17.8.34316.72
MinimumVisualStudioVersion = 10.0.40219.1
Project("{FAE04EC0-301F-11D3-BF4B-00C04F79EFBC}") = "Huseyn9", "Huseyn9\Huseyn9.csproj", "{099AD3D4-ED11-4204-9003-D2A0B3DDDF80}"
EndProject
Global
	GlobalSection(SolutionConfigurationPlatforms) = preSolution
		Debug|Any CPU = Debug|Any CPU
		Release|Any CPU = Release|Any CPU
	EndGlobalSection
	GlobalSection(ProjectConfigurationPlatforms) = postSolution
		{099AD3D4-ED11-4204-9003-D2A0B3DDDF80}.Debug|Any CPU.ActiveCfg = Debug|Any CPU
		{099AD3D4-ED11-4204-9003-D2A0B3DDDF80}.Debug|Any CPU.Build.0 = Debug|Any CPU
		{099AD3D4-ED11-4204-9003-D2A0B3DDDF80}.Release|Any CPU.ActiveCfg = Release|Any CPU
		{099AD3D4-ED11-4204-9003-D2A0B3DDDF80}.Release|Any CPU.Build.0 = Release|Any CPU
	EndGlobalSection
	GlobalSection(SolutionProperties) = preSolution
		HideSolutionNode = FALSE
	EndGlobalSection
	GlobalSection(ExtensibilityGlobals) = postSolution
		SolutionGuid = {7C57599D-E9D1-49E5-A5DB-6E4C18CB3C2F}
	EndGlobalSection
EndGlobal
