
Microsoft Visual Studio Solution File, Format Version 12.00
# Visual Studio Version 17
VisualStudioVersion = 17.8.34316.72
MinimumVisualStudioVersion = 10.0.40219.1
Project("{FAE04EC0-301F-11D3-BF4B-00C04F79EFBC}") = "Huseyn3", "Huseyn3\Huseyn3.csproj", "{AF6B4621-4EA6-46A0-8FB3-0997AFC8812F}"
EndProject
Global
	GlobalSection(SolutionConfigurationPlatforms) = preSolution
		Debug|Any CPU = Debug|Any CPU
		Release|Any CPU = Release|Any CPU
	EndGlobalSection
	GlobalSection(ProjectConfigurationPlatforms) = postSolution
		{AF6B4621-4EA6-46A0-8FB3-0997AFC8812F}.Debug|Any CPU.ActiveCfg = Debug|Any CPU
		{AF6B4621-4EA6-46A0-8FB3-0997AFC8812F}.Debug|Any CPU.Build.0 = Debug|Any CPU
		{AF6B4621-4EA6-46A0-8FB3-0997AFC8812F}.Release|Any CPU.ActiveCfg = Release|Any CPU
		{AF6B4621-4EA6-46A0-8FB3-0997AFC8812F}.Release|Any CPU.Build.0 = Release|Any CPU
	EndGlobalSection
	GlobalSection(SolutionProperties) = preSolution
		HideSolutionNode = FALSE
	EndGlobalSection
	GlobalSection(ExtensibilityGlobals) = postSolution
		SolutionGuid = {0AE2609B-B2CB-4784-8250-73E32635CA0F}
	EndGlobalSection
EndGlobal
