
Microsoft Visual Studio Solution File, Format Version 12.00
# Visual Studio Version 17
VisualStudioVersion = 17.8.34316.72
MinimumVisualStudioVersion = 10.0.40219.1
Project("{FAE04EC0-301F-11D3-BF4B-00C04F79EFBC}") = "Huseyn5", "Huseyn5\Huseyn5.csproj", "{B7773585-AA74-4622-9D5E-E21A9D7C8260}"
EndProject
Global
	GlobalSection(SolutionConfigurationPlatforms) = preSolution
		Debug|Any CPU = Debug|Any CPU
		Release|Any CPU = Release|Any CPU
	EndGlobalSection
	GlobalSection(ProjectConfigurationPlatforms) = postSolution
		{B7773585-AA74-4622-9D5E-E21A9D7C8260}.Debug|Any CPU.ActiveCfg = Debug|Any CPU
		{B7773585-AA74-4622-9D5E-E21A9D7C8260}.Debug|Any CPU.Build.0 = Debug|Any CPU
		{B7773585-AA74-4622-9D5E-E21A9D7C8260}.Release|Any CPU.ActiveCfg = Release|Any CPU
		{B7773585-AA74-4622-9D5E-E21A9D7C8260}.Release|Any CPU.Build.0 = Release|Any CPU
	EndGlobalSection
	GlobalSection(SolutionProperties) = preSolution
		HideSolutionNode = FALSE
	EndGlobalSection
	GlobalSection(ExtensibilityGlobals) = postSolution
		SolutionGuid = {4B6562B5-DA09-431B-9914-638FD55AEE0B}
	EndGlobalSection
EndGlobal
